// !$*UTF8*$!
{
	archiveVersion = 1;
	classes = {
	};
	objectVersion = 56;
	objects = {

/* Begin PBXBuildFile section */
		49D68AD52C35B830000AB5AF /* sm in Copy Files: Make sm command available in user terminal */ = {isa = PBXBuildFile; fileRef = DC9B38C72C2502FA006755AE /* sm */; settings = {ATTRIBUTES = (CodeSignOnCopy, ); }; };
		DC00C0342C2F51210019BEB1 /* Sparkle in Frameworks */ = {isa = PBXBuildFile; productRef = DC00C0332C2F51210019BEB1 /* Sparkle */; };
		DC00C03A2C2F61E40019BEB1 /* CheckForUpdatesViewModel.swift in Sources */ = {isa = PBXBuildFile; fileRef = DC00C0392C2F61E40019BEB1 /* CheckForUpdatesViewModel.swift */; };
		DC00C03C2C2F62100019BEB1 /* CheckForUpdatesView.swift in Sources */ = {isa = PBXBuildFile; fileRef = DC00C03B2C2F62100019BEB1 /* CheckForUpdatesView.swift */; };
		DC0D53F82C3C9728003FEBB1 /* SettingsView.swift in Sources */ = {isa = PBXBuildFile; fileRef = DC0D53F72C3C9728003FEBB1 /* SettingsView.swift */; };
		DC0D53FA2C3C9CA0003FEBB1 /* SettingsViewModel.swift in Sources */ = {isa = PBXBuildFile; fileRef = DC0D53F92C3C9CA0003FEBB1 /* SettingsViewModel.swift */; };
		DC15545F2C3336FF00F24C18 /* Mixpanel in Frameworks */ = {isa = PBXBuildFile; productRef = DC15545E2C3336FF00F24C18 /* Mixpanel */; };
		DC1778912C2887BB002C852C /* WindowPositionManager.swift in Sources */ = {isa = PBXBuildFile; fileRef = DC1778902C2887BB002C852C /* WindowPositionManager.swift */; };
		DC20D0902C4C10B900F80AE1 /* StartupTerminalWindowHandler.swift in Sources */ = {isa = PBXBuildFile; fileRef = DC20D08F2C4C10B900F80AE1 /* StartupTerminalWindowHandler.swift */; };
		DC3AB2382C37696800B8FE8F /* GPTAssistantCreator.swift in Sources */ = {isa = PBXBuildFile; fileRef = DC3AB2372C37696800B8FE8F /* GPTAssistantCreator.swift */; };
		DC3AB23A2C3774BE00B8FE8F /* GPTAssistantInstructions.swift in Sources */ = {isa = PBXBuildFile; fileRef = DC3AB2392C3774BE00B8FE8F /* GPTAssistantInstructions.swift */; };
		DC53925E2C38CFEA003CB46D /* KeyPressDelegate.swift in Sources */ = {isa = PBXBuildFile; fileRef = DC53925D2C38CFEA003CB46D /* KeyPressDelegate.swift */; };
		DC5C7B4A2C2DAAB20044E0B3 /* AppColors.swift in Sources */ = {isa = PBXBuildFile; fileRef = DC5C7B492C2DAAB20044E0B3 /* AppColors.swift */; };
		DC5C7B5A2C2E0C000044E0B3 /* install.sh in Copy Files: Make sm command available in user terminal */ = {isa = PBXBuildFile; fileRef = DC9B38D02C250342006755AE /* install.sh */; };
		DC60BD912C3AF8A10027048D /* LaunchAtLogin in Frameworks */ = {isa = PBXBuildFile; productRef = DC60BD902C3AF8A10027048D /* LaunchAtLogin */; };
		DC6A78252C46E8F700FFC785 /* SendFeedbackEmail.swift in Sources */ = {isa = PBXBuildFile; fileRef = DC6A78242C46E8F700FFC785 /* SendFeedbackEmail.swift */; };
		DC7DD61D2C36DEF80034E6ED /* Sentry in Frameworks */ = {isa = PBXBuildFile; productRef = DC7DD61C2C36DEF80034E6ED /* Sentry */; };
		DC8FF0932C2CC30300E5F0A7 /* App.swift in Sources */ = {isa = PBXBuildFile; fileRef = DC8FF0922C2CC30300E5F0A7 /* App.swift */; };
		DC9B388A2C24FFEA006755AE /* AppViewModel.swift in Sources */ = {isa = PBXBuildFile; fileRef = DC9B38892C24FFEA006755AE /* AppViewModel.swift */; };
		DC9B388C2C24FFEA006755AE /* ContentView.swift in Sources */ = {isa = PBXBuildFile; fileRef = DC9B388B2C24FFEA006755AE /* ContentView.swift */; };
		DC9B38912C24FFEB006755AE /* Preview Assets.xcassets in Resources */ = {isa = PBXBuildFile; fileRef = DC9B38902C24FFEB006755AE /* Preview Assets.xcassets */; };
		DC9B38B32C25016C006755AE /* AXSwift in Frameworks */ = {isa = PBXBuildFile; productRef = DC9B38B22C25016C006755AE /* AXSwift */; };
		DC9B38B52C2501A3006755AE /* Assets.xcassets in Resources */ = {isa = PBXBuildFile; fileRef = DC9B38B42C2501A3006755AE /* Assets.xcassets */; };
		DC9B38CA2C2502FA006755AE /* main.swift in Sources */ = {isa = PBXBuildFile; fileRef = DC9B38C92C2502FA006755AE /* main.swift */; };
		DC9B38D32C25039F006755AE /* TerminalContentManager.swift in Sources */ = {isa = PBXBuildFile; fileRef = DC9B38D22C25039E006755AE /* TerminalContentManager.swift */; };
		DCA668D92C3E0CFE0057629C /* ShellMateWindowTrackingDelegate.swift in Sources */ = {isa = PBXBuildFile; fileRef = DCA668D82C3E0CFE0057629C /* ShellMateWindowTrackingDelegate.swift */; };
		DCA94B672C2C9921004A2BCE /* PermissionsView.swift in Sources */ = {isa = PBXBuildFile; fileRef = DCA94B662C2C9921004A2BCE /* PermissionsView.swift */; };
		DCA94B692C2CA726004A2BCE /* PermissionsViewModel.swift in Sources */ = {isa = PBXBuildFile; fileRef = DCA94B682C2CA726004A2BCE /* PermissionsViewModel.swift */; };
		DCAA86462C2A0A550047AE3D /* NotificationExtensions.swift in Sources */ = {isa = PBXBuildFile; fileRef = DCAA86452C2A0A550047AE3D /* NotificationExtensions.swift */; };
		DCAA86482C2A22C50047AE3D /* GPTAssistantManager.swift in Sources */ = {isa = PBXBuildFile; fileRef = DCAA86472C2A22C50047AE3D /* GPTAssistantManager.swift */; };
		DCAA864A2C2A22E40047AE3D /* Utils.swift in Sources */ = {isa = PBXBuildFile; fileRef = DCAA86492C2A22E40047AE3D /* Utils.swift */; };
		DCB2D0062C28CDFD00479574 /* ApplicationDelegate.swift in Sources */ = {isa = PBXBuildFile; fileRef = DCB2D0052C28CDFD00479574 /* ApplicationDelegate.swift */; };
		DCF6D7322C49AE08004728C1 /* OnboardingViewModel.swift in Sources */ = {isa = PBXBuildFile; fileRef = DCF6D7312C49AE08004728C1 /* OnboardingViewModel.swift */; };
		DCF6D7342C49AE1C004728C1 /* OnboardingView.swift in Sources */ = {isa = PBXBuildFile; fileRef = DCF6D7332C49AE1C004728C1 /* OnboardingView.swift */; };
/* End PBXBuildFile section */

/* Begin PBXContainerItemProxy section */
		49D68AD32C35B827000AB5AF /* PBXContainerItemProxy */ = {
			isa = PBXContainerItemProxy;
			containerPortal = DC9B387E2C24FFEA006755AE /* Project object */;
			proxyType = 1;
			remoteGlobalIDString = DC9B38C62C2502FA006755AE;
			remoteInfo = ShellMateCLI;
		};
/* End PBXContainerItemProxy section */

/* Begin PBXCopyFilesBuildPhase section */
		DC5C7B4B2C2E068F0044E0B3 /* Copy Files: Make sm command available in user terminal */ = {
			isa = PBXCopyFilesBuildPhase;
			buildActionMask = 2147483647;
			dstPath = "";
			dstSubfolderSpec = 7;
			files = (
				49D68AD52C35B830000AB5AF /* sm in Copy Files: Make sm command available in user terminal */,
				DC5C7B5A2C2E0C000044E0B3 /* install.sh in Copy Files: Make sm command available in user terminal */,
			);
			name = "Copy Files: Make sm command available in user terminal";
			runOnlyForDeploymentPostprocessing = 0;
		};
/* End PBXCopyFilesBuildPhase section */

/* Begin PBXFileReference section */
		DC00C0382C2F5F2D0019BEB1 /* Info.plist */ = {isa = PBXFileReference; lastKnownFileType = text.plist; path = Info.plist; sourceTree = "<group>"; };
		DC00C0392C2F61E40019BEB1 /* CheckForUpdatesViewModel.swift */ = {isa = PBXFileReference; lastKnownFileType = sourcecode.swift; path = CheckForUpdatesViewModel.swift; sourceTree = "<group>"; };
		DC00C03B2C2F62100019BEB1 /* CheckForUpdatesView.swift */ = {isa = PBXFileReference; lastKnownFileType = sourcecode.swift; path = CheckForUpdatesView.swift; sourceTree = "<group>"; };
		DC0D53F72C3C9728003FEBB1 /* SettingsView.swift */ = {isa = PBXFileReference; lastKnownFileType = sourcecode.swift; path = SettingsView.swift; sourceTree = "<group>"; };
		DC0D53F92C3C9CA0003FEBB1 /* SettingsViewModel.swift */ = {isa = PBXFileReference; lastKnownFileType = sourcecode.swift; path = SettingsViewModel.swift; sourceTree = "<group>"; };
		DC1778902C2887BB002C852C /* WindowPositionManager.swift */ = {isa = PBXFileReference; lastKnownFileType = sourcecode.swift; path = WindowPositionManager.swift; sourceTree = "<group>"; };
		DC20D08F2C4C10B900F80AE1 /* StartupTerminalWindowHandler.swift */ = {isa = PBXFileReference; lastKnownFileType = sourcecode.swift; path = StartupTerminalWindowHandler.swift; sourceTree = "<group>"; };
		DC3AB2372C37696800B8FE8F /* GPTAssistantCreator.swift */ = {isa = PBXFileReference; lastKnownFileType = sourcecode.swift; path = GPTAssistantCreator.swift; sourceTree = "<group>"; };
		DC3AB2392C3774BE00B8FE8F /* GPTAssistantInstructions.swift */ = {isa = PBXFileReference; lastKnownFileType = sourcecode.swift; path = GPTAssistantInstructions.swift; sourceTree = "<group>"; };
		DC53925D2C38CFEA003CB46D /* KeyPressDelegate.swift */ = {isa = PBXFileReference; lastKnownFileType = sourcecode.swift; path = KeyPressDelegate.swift; sourceTree = "<group>"; };
		DC5C7B492C2DAAB20044E0B3 /* AppColors.swift */ = {isa = PBXFileReference; lastKnownFileType = sourcecode.swift; path = AppColors.swift; sourceTree = "<group>"; };
		DC6A78242C46E8F700FFC785 /* SendFeedbackEmail.swift */ = {isa = PBXFileReference; lastKnownFileType = sourcecode.swift; path = SendFeedbackEmail.swift; sourceTree = "<group>"; };
		DC8FF0922C2CC30300E5F0A7 /* App.swift */ = {isa = PBXFileReference; lastKnownFileType = sourcecode.swift; path = App.swift; sourceTree = "<group>"; };
		DC9B38862C24FFEA006755AE /* ShellMate.app */ = {isa = PBXFileReference; explicitFileType = wrapper.application; includeInIndex = 0; path = ShellMate.app; sourceTree = BUILT_PRODUCTS_DIR; };
		DC9B38892C24FFEA006755AE /* AppViewModel.swift */ = {isa = PBXFileReference; lastKnownFileType = sourcecode.swift; path = AppViewModel.swift; sourceTree = "<group>"; };
		DC9B388B2C24FFEA006755AE /* ContentView.swift */ = {isa = PBXFileReference; lastKnownFileType = sourcecode.swift; path = ContentView.swift; sourceTree = "<group>"; };
		DC9B38902C24FFEB006755AE /* Preview Assets.xcassets */ = {isa = PBXFileReference; lastKnownFileType = folder.assetcatalog; path = "Preview Assets.xcassets"; sourceTree = "<group>"; };
		DC9B38922C24FFEB006755AE /* ShellMate.entitlements */ = {isa = PBXFileReference; lastKnownFileType = text.plist.entitlements; path = ShellMate.entitlements; sourceTree = "<group>"; };
		DC9B38B42C2501A3006755AE /* Assets.xcassets */ = {isa = PBXFileReference; lastKnownFileType = folder.assetcatalog; path = Assets.xcassets; sourceTree = "<group>"; };
		DC9B38C72C2502FA006755AE /* sm */ = {isa = PBXFileReference; explicitFileType = "compiled.mach-o.executable"; includeInIndex = 0; path = sm; sourceTree = BUILT_PRODUCTS_DIR; };
		DC9B38C92C2502FA006755AE /* main.swift */ = {isa = PBXFileReference; lastKnownFileType = sourcecode.swift; path = main.swift; sourceTree = "<group>"; };
		DC9B38CF2C250342006755AE /* uninstall.sh */ = {isa = PBXFileReference; fileEncoding = 4; lastKnownFileType = text.script.sh; path = uninstall.sh; sourceTree = "<group>"; };
		DC9B38D02C250342006755AE /* install.sh */ = {isa = PBXFileReference; fileEncoding = 4; lastKnownFileType = text.script.sh; path = install.sh; sourceTree = "<group>"; };
		DC9B38D22C25039E006755AE /* TerminalContentManager.swift */ = {isa = PBXFileReference; fileEncoding = 4; lastKnownFileType = sourcecode.swift; path = TerminalContentManager.swift; sourceTree = "<group>"; };
		DCA668D82C3E0CFE0057629C /* ShellMateWindowTrackingDelegate.swift */ = {isa = PBXFileReference; lastKnownFileType = sourcecode.swift; path = ShellMateWindowTrackingDelegate.swift; sourceTree = "<group>"; };
		DCA94B662C2C9921004A2BCE /* PermissionsView.swift */ = {isa = PBXFileReference; lastKnownFileType = sourcecode.swift; path = PermissionsView.swift; sourceTree = "<group>"; };
		DCA94B682C2CA726004A2BCE /* PermissionsViewModel.swift */ = {isa = PBXFileReference; lastKnownFileType = sourcecode.swift; path = PermissionsViewModel.swift; sourceTree = "<group>"; };
		DCAA86452C2A0A550047AE3D /* NotificationExtensions.swift */ = {isa = PBXFileReference; lastKnownFileType = sourcecode.swift; path = NotificationExtensions.swift; sourceTree = "<group>"; };
		DCAA86472C2A22C50047AE3D /* GPTAssistantManager.swift */ = {isa = PBXFileReference; lastKnownFileType = sourcecode.swift; path = GPTAssistantManager.swift; sourceTree = "<group>"; };
		DCAA86492C2A22E40047AE3D /* Utils.swift */ = {isa = PBXFileReference; lastKnownFileType = sourcecode.swift; path = Utils.swift; sourceTree = "<group>"; };
		DCB2D0052C28CDFD00479574 /* ApplicationDelegate.swift */ = {isa = PBXFileReference; lastKnownFileType = sourcecode.swift; path = ApplicationDelegate.swift; sourceTree = "<group>"; };
		DCF6D7312C49AE08004728C1 /* OnboardingViewModel.swift */ = {isa = PBXFileReference; lastKnownFileType = sourcecode.swift; path = OnboardingViewModel.swift; sourceTree = "<group>"; };
		DCF6D7332C49AE1C004728C1 /* OnboardingView.swift */ = {isa = PBXFileReference; lastKnownFileType = sourcecode.swift; path = OnboardingView.swift; sourceTree = "<group>"; };
/* End PBXFileReference section */

/* Begin PBXFrameworksBuildPhase section */
		DC9B38832C24FFEA006755AE /* Frameworks */ = {
			isa = PBXFrameworksBuildPhase;
			buildActionMask = 2147483647;
			files = (
				DC15545F2C3336FF00F24C18 /* Mixpanel in Frameworks */,
				DC9B38B32C25016C006755AE /* AXSwift in Frameworks */,
				DC00C0342C2F51210019BEB1 /* Sparkle in Frameworks */,
				DC60BD912C3AF8A10027048D /* LaunchAtLogin in Frameworks */,
				DC7DD61D2C36DEF80034E6ED /* Sentry in Frameworks */,
			);
			runOnlyForDeploymentPostprocessing = 0;
		};
		DC9B38C42C2502FA006755AE /* Frameworks */ = {
			isa = PBXFrameworksBuildPhase;
			buildActionMask = 2147483647;
			files = (
			);
			runOnlyForDeploymentPostprocessing = 0;
		};
/* End PBXFrameworksBuildPhase section */

/* Begin PBXGroup section */
		DC00C0322C2F51210019BEB1 /* Frameworks */ = {
			isa = PBXGroup;
			children = (
			);
			name = Frameworks;
			sourceTree = "<group>";
		};
		DC0D53FB2C3CA373003FEBB1 /* Settings */ = {
			isa = PBXGroup;
			children = (
				DC0D53F92C3C9CA0003FEBB1 /* SettingsViewModel.swift */,
			);
			path = Settings;
			sourceTree = "<group>";
		};
		DC0D53FC2C3CA38C003FEBB1 /* Settings */ = {
			isa = PBXGroup;
			children = (
				DC0D53F72C3C9728003FEBB1 /* SettingsView.swift */,
			);
			path = Settings;
			sourceTree = "<group>";
		};
		DC20D08E2C4C108B00F80AE1 /* Helpers */ = {
			isa = PBXGroup;
			children = (
				DCAA86492C2A22E40047AE3D /* Utils.swift */,
				DC6A78242C46E8F700FFC785 /* SendFeedbackEmail.swift */,
				DC20D08F2C4C10B900F80AE1 /* StartupTerminalWindowHandler.swift */,
			);
			path = Helpers;
			sourceTree = "<group>";
		};
		DC8FF0912C2CC2C300E5F0A7 /* ViewModels */ = {
			isa = PBXGroup;
			children = (
				DCF6D7302C49ADF1004728C1 /* Onboarding */,
				DC0D53FB2C3CA373003FEBB1 /* Settings */,
				DC9B38892C24FFEA006755AE /* AppViewModel.swift */,
				DCA94B682C2CA726004A2BCE /* PermissionsViewModel.swift */,
				DC00C0392C2F61E40019BEB1 /* CheckForUpdatesViewModel.swift */,
			);
			path = ViewModels;
			sourceTree = "<group>";
		};
		DC9B387D2C24FFEA006755AE = {
			isa = PBXGroup;
			children = (
				DC9B38882C24FFEA006755AE /* ShellMate */,
				DC9B38C82C2502FA006755AE /* ShellMateCLI */,
				DC9B38872C24FFEA006755AE /* Products */,
				DC00C0322C2F51210019BEB1 /* Frameworks */,
			);
			sourceTree = "<group>";
		};
		DC9B38872C24FFEA006755AE /* Products */ = {
			isa = PBXGroup;
			children = (
				DC9B38862C24FFEA006755AE /* ShellMate.app */,
				DC9B38C72C2502FA006755AE /* sm */,
			);
			name = Products;
			sourceTree = "<group>";
		};
		DC9B38882C24FFEA006755AE /* ShellMate */ = {
			isa = PBXGroup;
			children = (
				DC8FF0912C2CC2C300E5F0A7 /* ViewModels */,
				DC00C0382C2F5F2D0019BEB1 /* Info.plist */,
				DCA94B652C2C98FA004A2BCE /* Views */,
				DC8FF0922C2CC30300E5F0A7 /* App.swift */,
				DCB2D0052C28CDFD00479574 /* ApplicationDelegate.swift */,
				DC1778902C2887BB002C852C /* WindowPositionManager.swift */,
				DC53925D2C38CFEA003CB46D /* KeyPressDelegate.swift */,
				DC9B38D22C25039E006755AE /* TerminalContentManager.swift */,
				DCA668D82C3E0CFE0057629C /* ShellMateWindowTrackingDelegate.swift */,
				DCAA86452C2A0A550047AE3D /* NotificationExtensions.swift */,
				DC9B38922C24FFEB006755AE /* ShellMate.entitlements */,
				DC9B38B42C2501A3006755AE /* Assets.xcassets */,
				DC9B388F2C24FFEB006755AE /* Preview Content */,
				DCAA86472C2A22C50047AE3D /* GPTAssistantManager.swift */,
				DC3AB2372C37696800B8FE8F /* GPTAssistantCreator.swift */,
				DC3AB2392C3774BE00B8FE8F /* GPTAssistantInstructions.swift */,
				DC20D08E2C4C108B00F80AE1 /* Helpers */,
			);
			path = ShellMate;
			sourceTree = "<group>";
		};
		DC9B388F2C24FFEB006755AE /* Preview Content */ = {
			isa = PBXGroup;
			children = (
				DC9B38902C24FFEB006755AE /* Preview Assets.xcassets */,
			);
			path = "Preview Content";
			sourceTree = "<group>";
		};
		DC9B38C82C2502FA006755AE /* ShellMateCLI */ = {
			isa = PBXGroup;
			children = (
				DC9B38D02C250342006755AE /* install.sh */,
				DC9B38CF2C250342006755AE /* uninstall.sh */,
				DC9B38C92C2502FA006755AE /* main.swift */,
			);
			path = ShellMateCLI;
			sourceTree = "<group>";
		};
		DCA94B652C2C98FA004A2BCE /* Views */ = {
			isa = PBXGroup;
			children = (
				DCF6D72F2C49ADC5004728C1 /* Onboarding */,
				DC0D53FC2C3CA38C003FEBB1 /* Settings */,
				DC9B388B2C24FFEA006755AE /* ContentView.swift */,
				DCA94B662C2C9921004A2BCE /* PermissionsView.swift */,
				DC5C7B492C2DAAB20044E0B3 /* AppColors.swift */,
				DC00C03B2C2F62100019BEB1 /* CheckForUpdatesView.swift */,
			);
			path = Views;
			sourceTree = "<group>";
		};
		DCF6D72F2C49ADC5004728C1 /* Onboarding */ = {
			isa = PBXGroup;
			children = (
				DCF6D7332C49AE1C004728C1 /* OnboardingView.swift */,
			);
			path = Onboarding;
			sourceTree = "<group>";
		};
		DCF6D7302C49ADF1004728C1 /* Onboarding */ = {
			isa = PBXGroup;
			children = (
				DCF6D7312C49AE08004728C1 /* OnboardingViewModel.swift */,
			);
			path = Onboarding;
			sourceTree = "<group>";
		};
/* End PBXGroup section */

/* Begin PBXNativeTarget section */
		DC9B38852C24FFEA006755AE /* ShellMate */ = {
			isa = PBXNativeTarget;
			buildConfigurationList = DC9B38952C24FFEB006755AE /* Build configuration list for PBXNativeTarget "ShellMate" */;
			buildPhases = (
				DC9B38822C24FFEA006755AE /* Sources */,
				DC9B38832C24FFEA006755AE /* Frameworks */,
				DC9B38842C24FFEA006755AE /* Resources */,
				DC5C7B4B2C2E068F0044E0B3 /* Copy Files: Make sm command available in user terminal */,
				DC20D0912C4C4A6F00F80AE1 /* Run Script: Sentry upload debug symbols */,
			);
			buildRules = (
			);
			dependencies = (
				49D68AD42C35B827000AB5AF /* PBXTargetDependency */,
			);
			name = ShellMate;
			packageProductDependencies = (
				DC9B38B22C25016C006755AE /* AXSwift */,
				DC00C0332C2F51210019BEB1 /* Sparkle */,
				DC15545E2C3336FF00F24C18 /* Mixpanel */,
				DC7DD61C2C36DEF80034E6ED /* Sentry */,
				DC60BD902C3AF8A10027048D /* LaunchAtLogin */,
			);
			productName = ShellBuddy;
			productReference = DC9B38862C24FFEA006755AE /* ShellMate.app */;
			productType = "com.apple.product-type.application";
		};
		DC9B38C62C2502FA006755AE /* ShellMateCLI */ = {
			isa = PBXNativeTarget;
			buildConfigurationList = DC9B38CB2C2502FA006755AE /* Build configuration list for PBXNativeTarget "ShellMateCLI" */;
			buildPhases = (
				DC9B38C32C2502FA006755AE /* Sources */,
				DC9B38C42C2502FA006755AE /* Frameworks */,
			);
			buildRules = (
			);
			dependencies = (
			);
			name = ShellMateCLI;
			productName = ShellBuddyCLI;
			productReference = DC9B38C72C2502FA006755AE /* sm */;
			productType = "com.apple.product-type.tool";
		};
/* End PBXNativeTarget section */

/* Begin PBXProject section */
		DC9B387E2C24FFEA006755AE /* Project object */ = {
			isa = PBXProject;
			attributes = {
				BuildIndependentTargetsInParallel = 1;
				LastSwiftUpdateCheck = 1540;
				LastUpgradeCheck = 1540;
				TargetAttributes = {
					DC9B38852C24FFEA006755AE = {
						CreatedOnToolsVersion = 15.4;
					};
					DC9B38C62C2502FA006755AE = {
						CreatedOnToolsVersion = 15.4;
					};
				};
			};
			buildConfigurationList = DC9B38812C24FFEA006755AE /* Build configuration list for PBXProject "ShellMate" */;
			compatibilityVersion = "Xcode 14.0";
			developmentRegion = en;
			hasScannedForEncodings = 0;
			knownRegions = (
				en,
				Base,
			);
			mainGroup = DC9B387D2C24FFEA006755AE;
			packageReferences = (
				DC9B38B12C25016C006755AE /* XCRemoteSwiftPackageReference "AXSwift" */,
				DC00C0312C2F50EA0019BEB1 /* XCRemoteSwiftPackageReference "Sparkle" */,
				DC15545D2C33346E00F24C18 /* XCRemoteSwiftPackageReference "mixpanel-swift" */,
				DCCC41442C36082B00A4846C /* XCRemoteSwiftPackageReference "sentry-cocoa" */,
				DC60BD8F2C3AF8A10027048D /* XCRemoteSwiftPackageReference "LaunchAtLogin-modern" */,
			);
			productRefGroup = DC9B38872C24FFEA006755AE /* Products */;
			projectDirPath = "";
			projectRoot = "";
			targets = (
				DC9B38852C24FFEA006755AE /* ShellMate */,
				DC9B38C62C2502FA006755AE /* ShellMateCLI */,
			);
		};
/* End PBXProject section */

/* Begin PBXResourcesBuildPhase section */
		DC9B38842C24FFEA006755AE /* Resources */ = {
			isa = PBXResourcesBuildPhase;
			buildActionMask = 2147483647;
			files = (
				DC9B38912C24FFEB006755AE /* Preview Assets.xcassets in Resources */,
				DC9B38B52C2501A3006755AE /* Assets.xcassets in Resources */,
			);
			runOnlyForDeploymentPostprocessing = 0;
		};
/* End PBXResourcesBuildPhase section */

/* Begin PBXShellScriptBuildPhase section */
		DC20D0912C4C4A6F00F80AE1 /* Run Script: Sentry upload debug symbols */ = {
			isa = PBXShellScriptBuildPhase;
			buildActionMask = 2147483647;
			files = (
			);
			inputFileListPaths = (
			);
			inputPaths = (
				"${DWARF_DSYM_FOLDER_PATH}/${DWARF_DSYM_FILE_NAME}/Contents/Resources/DWARF/${TARGET_NAME}",
			);
			name = "Run Script: Sentry upload debug symbols";
			outputFileListPaths = (
			);
			outputPaths = (
			);
			runOnlyForDeploymentPostprocessing = 0;
			shellPath = /bin/sh;
			shellScript = "# Type a script or drag a script file from your workspace to insert its path.\nif which sentry-cli >/dev/null; then\nexport SENTRY_ORG=deepspring\nexport SENTRY_PROJECT=shellmate\nexport SENTRY_AUTH_TOKEN=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\nERROR=$(sentry-cli debug-files upload --include-sources \"$DWARF_DSYM_FOLDER_PATH\" 2>&1 >/dev/null)\nif [ ! $? -eq 0 ]; then\necho \"warning: sentry-cli - $ERROR\"\nfi\nelse\necho \"warning: sentry-cli not installed, download from https://github.com/getsentry/sentry-cli/releases\"\nfi\n";
		};
/* End PBXShellScriptBuildPhase section */

/* Begin PBXSourcesBuildPhase section */
		DC9B38822C24FFEA006755AE /* Sources */ = {
			isa = PBXSourcesBuildPhase;
			buildActionMask = 2147483647;
			files = (
				DC9B38D32C25039F006755AE /* TerminalContentManager.swift in Sources */,
				DC5C7B4A2C2DAAB20044E0B3 /* AppColors.swift in Sources */,
				DC20D0902C4C10B900F80AE1 /* StartupTerminalWindowHandler.swift in Sources */,
				DCAA86482C2A22C50047AE3D /* GPTAssistantManager.swift in Sources */,
				DC0D53F82C3C9728003FEBB1 /* SettingsView.swift in Sources */,
				DC3AB23A2C3774BE00B8FE8F /* GPTAssistantInstructions.swift in Sources */,
				DCA668D92C3E0CFE0057629C /* ShellMateWindowTrackingDelegate.swift in Sources */,
				DC0D53FA2C3C9CA0003FEBB1 /* SettingsViewModel.swift in Sources */,
				DC8FF0932C2CC30300E5F0A7 /* App.swift in Sources */,
				DC53925E2C38CFEA003CB46D /* KeyPressDelegate.swift in Sources */,
				DC1778912C2887BB002C852C /* WindowPositionManager.swift in Sources */,
				DCB2D0062C28CDFD00479574 /* ApplicationDelegate.swift in Sources */,
				DC00C03C2C2F62100019BEB1 /* CheckForUpdatesView.swift in Sources */,
				DC9B388C2C24FFEA006755AE /* ContentView.swift in Sources */,
				DCA94B692C2CA726004A2BCE /* PermissionsViewModel.swift in Sources */,
				DC6A78252C46E8F700FFC785 /* SendFeedbackEmail.swift in Sources */,
				DCAA86462C2A0A550047AE3D /* NotificationExtensions.swift in Sources */,
				DCA94B672C2C9921004A2BCE /* PermissionsView.swift in Sources */,
				DC9B388A2C24FFEA006755AE /* AppViewModel.swift in Sources */,
				DC00C03A2C2F61E40019BEB1 /* CheckForUpdatesViewModel.swift in Sources */,
				DCF6D7322C49AE08004728C1 /* OnboardingViewModel.swift in Sources */,
				DC3AB2382C37696800B8FE8F /* GPTAssistantCreator.swift in Sources */,
				DCF6D7342C49AE1C004728C1 /* OnboardingView.swift in Sources */,
				DCAA864A2C2A22E40047AE3D /* Utils.swift in Sources */,
			);
			runOnlyForDeploymentPostprocessing = 0;
		};
		DC9B38C32C2502FA006755AE /* Sources */ = {
			isa = PBXSourcesBuildPhase;
			buildActionMask = 2147483647;
			files = (
				DC9B38CA2C2502FA006755AE /* main.swift in Sources */,
			);
			runOnlyForDeploymentPostprocessing = 0;
		};
/* End PBXSourcesBuildPhase section */

/* Begin PBXTargetDependency section */
		49D68AD42C35B827000AB5AF /* PBXTargetDependency */ = {
			isa = PBXTargetDependency;
			target = DC9B38C62C2502FA006755AE /* ShellMateCLI */;
			targetProxy = 49D68AD32C35B827000AB5AF /* PBXContainerItemProxy */;
		};
/* End PBXTargetDependency section */

/* Begin XCBuildConfiguration section */
		DC9B38932C24FFEB006755AE /* Debug */ = {
			isa = XCBuildConfiguration;
			buildSettings = {
				ALWAYS_SEARCH_USER_PATHS = NO;
				ASSETCATALOG_COMPILER_GENERATE_SWIFT_ASSET_SYMBOL_EXTENSIONS = YES;
				CLANG_ANALYZER_NONNULL = YES;
				CLANG_ANALYZER_NUMBER_OBJECT_CONVERSION = YES_AGGRESSIVE;
				CLANG_CXX_LANGUAGE_STANDARD = "gnu++20";
				CLANG_ENABLE_MODULES = YES;
				CLANG_ENABLE_OBJC_ARC = YES;
				CLANG_ENABLE_OBJC_WEAK = YES;
				CLANG_WARN_BLOCK_CAPTURE_AUTORELEASING = YES;
				CLANG_WARN_BOOL_CONVERSION = YES;
				CLANG_WARN_COMMA = YES;
				CLANG_WARN_CONSTANT_CONVERSION = YES;
				CLANG_WARN_DEPRECATED_OBJC_IMPLEMENTATIONS = YES;
				CLANG_WARN_DIRECT_OBJC_ISA_USAGE = YES_ERROR;
				CLANG_WARN_DOCUMENTATION_COMMENTS = YES;
				CLANG_WARN_EMPTY_BODY = YES;
				CLANG_WARN_ENUM_CONVERSION = YES;
				CLANG_WARN_INFINITE_RECURSION = YES;
				CLANG_WARN_INT_CONVERSION = YES;
				CLANG_WARN_NON_LITERAL_NULL_CONVERSION = YES;
				CLANG_WARN_OBJC_IMPLICIT_RETAIN_SELF = YES;
				CLANG_WARN_OBJC_LITERAL_CONVERSION = YES;
				CLANG_WARN_OBJC_ROOT_CLASS = YES_ERROR;
				CLANG_WARN_QUOTED_INCLUDE_IN_FRAMEWORK_HEADER = YES;
				CLANG_WARN_RANGE_LOOP_ANALYSIS = YES;
				CLANG_WARN_STRICT_PROTOTYPES = YES;
				CLANG_WARN_SUSPICIOUS_MOVE = YES;
				CLANG_WARN_UNGUARDED_AVAILABILITY = YES_AGGRESSIVE;
				CLANG_WARN_UNREACHABLE_CODE = YES;
				CLANG_WARN__DUPLICATE_METHOD_MATCH = YES;
				COPY_PHASE_STRIP = NO;
				DEBUG_INFORMATION_FORMAT = dwarf;
				ENABLE_STRICT_OBJC_MSGSEND = YES;
				ENABLE_TESTABILITY = YES;
				ENABLE_USER_SCRIPT_SANDBOXING = NO;
				GCC_C_LANGUAGE_STANDARD = gnu17;
				GCC_DYNAMIC_NO_PIC = NO;
				GCC_NO_COMMON_BLOCKS = YES;
				GCC_OPTIMIZATION_LEVEL = 0;
				GCC_PREPROCESSOR_DEFINITIONS = (
					"DEBUG=1",
					"$(inherited)",
				);
				GCC_WARN_64_TO_32_BIT_CONVERSION = YES;
				GCC_WARN_ABOUT_RETURN_TYPE = YES_ERROR;
				GCC_WARN_UNDECLARED_SELECTOR = YES;
				GCC_WARN_UNINITIALIZED_AUTOS = YES_AGGRESSIVE;
				GCC_WARN_UNUSED_FUNCTION = YES;
				GCC_WARN_UNUSED_VARIABLE = YES;
				LOCALIZATION_PREFERS_STRING_CATALOGS = YES;
				MACOSX_DEPLOYMENT_TARGET = 14.0;
				MTL_ENABLE_DEBUG_INFO = INCLUDE_SOURCE;
				MTL_FAST_MATH = YES;
				ONLY_ACTIVE_ARCH = YES;
				SDKROOT = macosx;
				SWIFT_ACTIVE_COMPILATION_CONDITIONS = "DEBUG $(inherited)";
				SWIFT_OPTIMIZATION_LEVEL = "-Onone";
			};
			name = Debug;
		};
		DC9B38942C24FFEB006755AE /* Release */ = {
			isa = XCBuildConfiguration;
			buildSettings = {
				ALWAYS_SEARCH_USER_PATHS = NO;
				ASSETCATALOG_COMPILER_GENERATE_SWIFT_ASSET_SYMBOL_EXTENSIONS = YES;
				CLANG_ANALYZER_NONNULL = YES;
				CLANG_ANALYZER_NUMBER_OBJECT_CONVERSION = YES_AGGRESSIVE;
				CLANG_CXX_LANGUAGE_STANDARD = "gnu++20";
				CLANG_ENABLE_MODULES = YES;
				CLANG_ENABLE_OBJC_ARC = YES;
				CLANG_ENABLE_OBJC_WEAK = YES;
				CLANG_WARN_BLOCK_CAPTURE_AUTORELEASING = YES;
				CLANG_WARN_BOOL_CONVERSION = YES;
				CLANG_WARN_COMMA = YES;
				CLANG_WARN_CONSTANT_CONVERSION = YES;
				CLANG_WARN_DEPRECATED_OBJC_IMPLEMENTATIONS = YES;
				CLANG_WARN_DIRECT_OBJC_ISA_USAGE = YES_ERROR;
				CLANG_WARN_DOCUMENTATION_COMMENTS = YES;
				CLANG_WARN_EMPTY_BODY = YES;
				CLANG_WARN_ENUM_CONVERSION = YES;
				CLANG_WARN_INFINITE_RECURSION = YES;
				CLANG_WARN_INT_CONVERSION = YES;
				CLANG_WARN_NON_LITERAL_NULL_CONVERSION = YES;
				CLANG_WARN_OBJC_IMPLICIT_RETAIN_SELF = YES;
				CLANG_WARN_OBJC_LITERAL_CONVERSION = YES;
				CLANG_WARN_OBJC_ROOT_CLASS = YES_ERROR;
				CLANG_WARN_QUOTED_INCLUDE_IN_FRAMEWORK_HEADER = YES;
				CLANG_WARN_RANGE_LOOP_ANALYSIS = YES;
				CLANG_WARN_STRICT_PROTOTYPES = YES;
				CLANG_WARN_SUSPICIOUS_MOVE = YES;
				CLANG_WARN_UNGUARDED_AVAILABILITY = YES_AGGRESSIVE;
				CLANG_WARN_UNREACHABLE_CODE = YES;
				CLANG_WARN__DUPLICATE_METHOD_MATCH = YES;
				COPY_PHASE_STRIP = NO;
				DEBUG_INFORMATION_FORMAT = "dwarf-with-dsym";
				ENABLE_NS_ASSERTIONS = NO;
				ENABLE_STRICT_OBJC_MSGSEND = YES;
				ENABLE_USER_SCRIPT_SANDBOXING = NO;
				GCC_C_LANGUAGE_STANDARD = gnu17;
				GCC_NO_COMMON_BLOCKS = YES;
				GCC_WARN_64_TO_32_BIT_CONVERSION = YES;
				GCC_WARN_ABOUT_RETURN_TYPE = YES_ERROR;
				GCC_WARN_UNDECLARED_SELECTOR = YES;
				GCC_WARN_UNINITIALIZED_AUTOS = YES_AGGRESSIVE;
				GCC_WARN_UNUSED_FUNCTION = YES;
				GCC_WARN_UNUSED_VARIABLE = YES;
				LOCALIZATION_PREFERS_STRING_CATALOGS = YES;
				MACOSX_DEPLOYMENT_TARGET = 14.0;
				MTL_ENABLE_DEBUG_INFO = NO;
				MTL_FAST_MATH = YES;
				SDKROOT = macosx;
				SWIFT_COMPILATION_MODE = wholemodule;
			};
			name = Release;
		};
		DC9B38962C24FFEB006755AE /* Debug */ = {
			isa = XCBuildConfiguration;
			buildSettings = {
				ASSETCATALOG_COMPILER_APPICON_NAME = AppIcon;
				ASSETCATALOG_COMPILER_GLOBAL_ACCENT_COLOR_NAME = AccentColor;
				CODE_SIGN_ENTITLEMENTS = ShellMate/ShellMate.entitlements;
				"CODE_SIGN_IDENTITY[sdk=macosx*]" = "Apple Development";
				CODE_SIGN_STYLE = Automatic;
				COMBINE_HIDPI_IMAGES = YES;
				CURRENT_PROJECT_VERSION = 0.4;
				DEBUG_INFORMATION_FORMAT = "dwarf-with-dsym";
				DEVELOPMENT_ASSET_PATHS = "\"ShellMate/Preview Content\"";
				DEVELOPMENT_TEAM = LQ6XSZ6LRK;
				ENABLE_HARDENED_RUNTIME = YES;
				ENABLE_PREVIEWS = YES;
				GENERATE_INFOPLIST_FILE = YES;
				INFOPLIST_FILE = ShellMate/Info.plist;
				INFOPLIST_KEY_LSApplicationCategoryType = "public.app-category.developer-tools";
				INFOPLIST_KEY_NSHumanReadableCopyright = "";
				INFOPLIST_KEY_NSPrincipalClass = SentryCrashExceptionApplication;
				LD_RUNPATH_SEARCH_PATHS = (
					"$(inherited)",
					"@executable_path/../Frameworks",
				);
				MARKETING_VERSION = 0.6;
				PRODUCT_BUNDLE_IDENTIFIER = com.CamelsAndNeedles.ShellMate;
				PRODUCT_NAME = "$(TARGET_NAME)";
				SWIFT_EMIT_LOC_STRINGS = YES;
				SWIFT_VERSION = 5.0;
			};
			name = Debug;
		};
		DC9B38972C24FFEB006755AE /* Release */ = {
			isa = XCBuildConfiguration;
			buildSettings = {
				ASSETCATALOG_COMPILER_APPICON_NAME = AppIcon;
				ASSETCATALOG_COMPILER_GLOBAL_ACCENT_COLOR_NAME = AccentColor;
				CODE_SIGN_ENTITLEMENTS = ShellMate/ShellMate.entitlements;
				"CODE_SIGN_IDENTITY[sdk=macosx*]" = "Apple Development";
				CODE_SIGN_STYLE = Automatic;
				COMBINE_HIDPI_IMAGES = YES;
				CURRENT_PROJECT_VERSION = 0.4;
				DEVELOPMENT_ASSET_PATHS = "\"ShellMate/Preview Content\"";
				DEVELOPMENT_TEAM = LQ6XSZ6LRK;
				ENABLE_HARDENED_RUNTIME = YES;
				ENABLE_PREVIEWS = YES;
				GENERATE_INFOPLIST_FILE = YES;
				INFOPLIST_FILE = ShellMate/Info.plist;
				INFOPLIST_KEY_LSApplicationCategoryType = "public.app-category.developer-tools";
				INFOPLIST_KEY_NSHumanReadableCopyright = "";
				INFOPLIST_KEY_NSPrincipalClass = SentryCrashExceptionApplication;
				LD_RUNPATH_SEARCH_PATHS = (
					"$(inherited)",
					"@executable_path/../Frameworks",
				);
				MARKETING_VERSION = 0.6;
				OTHER_CODE_SIGN_FLAGS = "--timestamp";
				PRODUCT_BUNDLE_IDENTIFIER = com.CamelsAndNeedles.ShellMate;
				PRODUCT_NAME = "$(TARGET_NAME)";
				SWIFT_EMIT_LOC_STRINGS = YES;
				SWIFT_VERSION = 5.0;
			};
			name = Release;
		};
		DC9B38CC2C2502FA006755AE /* Debug */ = {
			isa = XCBuildConfiguration;
			buildSettings = {
				"CODE_SIGN_IDENTITY[sdk=macosx*]" = "Apple Development";
				CODE_SIGN_STYLE = Automatic;
				DEVELOPMENT_TEAM = LQ6XSZ6LRK;
				ENABLE_HARDENED_RUNTIME = YES;
				PRODUCT_NAME = sm;
				SKIP_INSTALL = YES;
				SWIFT_VERSION = 5.0;
			};
			name = Debug;
		};
		DC9B38CD2C2502FA006755AE /* Release */ = {
			isa = XCBuildConfiguration;
			buildSettings = {
				"CODE_SIGN_IDENTITY[sdk=macosx*]" = "Apple Development";
				CODE_SIGN_STYLE = Automatic;
				DEVELOPMENT_TEAM = LQ6XSZ6LRK;
				ENABLE_HARDENED_RUNTIME = YES;
				OTHER_CODE_SIGN_FLAGS = "--timestamp";
				PRODUCT_NAME = sm;
				SKIP_INSTALL = YES;
				SWIFT_VERSION = 5.0;
			};
			name = Release;
		};
/* End XCBuildConfiguration section */

/* Begin XCConfigurationList section */
		DC9B38812C24FFEA006755AE /* Build configuration list for PBXProject "ShellMate" */ = {
			isa = XCConfigurationList;
			buildConfigurations = (
				DC9B38932C24FFEB006755AE /* Debug */,
				DC9B38942C24FFEB006755AE /* Release */,
			);
			defaultConfigurationIsVisible = 0;
			defaultConfigurationName = Release;
		};
		DC9B38952C24FFEB006755AE /* Build configuration list for PBXNativeTarget "ShellMate" */ = {
			isa = XCConfigurationList;
			buildConfigurations = (
				DC9B38962C24FFEB006755AE /* Debug */,
				DC9B38972C24FFEB006755AE /* Release */,
			);
			defaultConfigurationIsVisible = 0;
			defaultConfigurationName = Release;
		};
		DC9B38CB2C2502FA006755AE /* Build configuration list for PBXNativeTarget "ShellMateCLI" */ = {
			isa = XCConfigurationList;
			buildConfigurations = (
				DC9B38CC2C2502FA006755AE /* Debug */,
				DC9B38CD2C2502FA006755AE /* Release */,
			);
			defaultConfigurationIsVisible = 0;
			defaultConfigurationName = Release;
		};
/* End XCConfigurationList section */

/* Begin XCRemoteSwiftPackageReference section */
		DC00C0312C2F50EA0019BEB1 /* XCRemoteSwiftPackageReference "Sparkle" */ = {
			isa = XCRemoteSwiftPackageReference;
			repositoryURL = "https://github.com/sparkle-project/Sparkle";
			requirement = {
				kind = upToNextMajorVersion;
				minimumVersion = 2.6.3;
			};
		};
		DC15545D2C33346E00F24C18 /* XCRemoteSwiftPackageReference "mixpanel-swift" */ = {
			isa = XCRemoteSwiftPackageReference;
			repositoryURL = "https://github.com/mixpanel/mixpanel-swift";
			requirement = {
				branch = master;
				kind = branch;
			};
		};
		DC60BD8F2C3AF8A10027048D /* XCRemoteSwiftPackageReference "LaunchAtLogin-modern" */ = {
			isa = XCRemoteSwiftPackageReference;
			repositoryURL = "https://github.com/sindresorhus/LaunchAtLogin-modern";
			requirement = {
				branch = main;
				kind = branch;
			};
		};
		DC9B38B12C25016C006755AE /* XCRemoteSwiftPackageReference "AXSwift" */ = {
			isa = XCRemoteSwiftPackageReference;
			repositoryURL = "https://github.com/tmandry/AXSwift";
			requirement = {
				kind = upToNextMajorVersion;
				minimumVersion = 0.3.2;
			};
		};
		DCCC41442C36082B00A4846C /* XCRemoteSwiftPackageReference "sentry-cocoa" */ = {
			isa = XCRemoteSwiftPackageReference;
			repositoryURL = "https://github.com/getsentry/sentry-cocoa.git";
			requirement = {
				kind = upToNextMajorVersion;
				minimumVersion = 8.30.0;
			};
		};
/* End XCRemoteSwiftPackageReference section */

/* Begin XCSwiftPackageProductDependency section */
		DC00C0332C2F51210019BEB1 /* Sparkle */ = {
			isa = XCSwiftPackageProductDependency;
			package = DC00C0312C2F50EA0019BEB1 /* XCRemoteSwiftPackageReference "Sparkle" */;
			productName = Sparkle;
		};
		DC15545E2C3336FF00F24C18 /* Mixpanel */ = {
			isa = XCSwiftPackageProductDependency;
			package = DC15545D2C33346E00F24C18 /* XCRemoteSwiftPackageReference "mixpanel-swift" */;
			productName = Mixpanel;
		};
		DC60BD902C3AF8A10027048D /* LaunchAtLogin */ = {
			isa = XCSwiftPackageProductDependency;
			package = DC60BD8F2C3AF8A10027048D /* XCRemoteSwiftPackageReference "LaunchAtLogin-modern" */;
			productName = LaunchAtLogin;
		};
		DC7DD61C2C36DEF80034E6ED /* Sentry */ = {
			isa = XCSwiftPackageProductDependency;
			package = DCCC41442C36082B00A4846C /* XCRemoteSwiftPackageReference "sentry-cocoa" */;
			productName = Sentry;
		};
		DC9B38B22C25016C006755AE /* AXSwift */ = {
			isa = XCSwiftPackageProductDependency;
			package = DC9B38B12C25016C006755AE /* XCRemoteSwiftPackageReference "AXSwift" */;
			productName = AXSwift;
		};
/* End XCSwiftPackageProductDependency section */
	};
	rootObject = DC9B387E2C24FFEA006755AE /* Project object */;
}
